
Microsoft Visual Studio Solution File, Format Version 12.00
# Visual Studio Version 17
VisualStudioVersion = 17.7.33913.275
MinimumVisualStudioVersion = 10.0.40219.1
Project("{FAE04EC0-301F-11D3-BF4B-00C04F79EFBC}") = "EvaluacionPaoloFernando", "EvaluacionPaoloFernando\EvaluacionPaoloFernando.csproj", "{96704330-2BC6-4331-9A36-48369D3A8B6E}"
EndProject
Global
	GlobalSection(SolutionConfigurationPlatforms) = preSolution
		Debug|Any CPU = Debug|Any CPU
		Release|Any CPU = Release|Any CPU
	EndGlobalSection
	GlobalSection(ProjectConfigurationPlatforms) = postSolution
		{96704330-2BC6-4331-9A36-48369D3A8B6E}.Debug|Any CPU.ActiveCfg = Debug|Any CPU
		{96704330-2BC6-4331-9A36-48369D3A8B6E}.Debug|Any CPU.Build.0 = Debug|Any CPU
		{96704330-2BC6-4331-9A36-48369D3A8B6E}.Release|Any CPU.ActiveCfg = Release|Any CPU
		{96704330-2BC6-4331-9A36-48369D3A8B6E}.Release|Any CPU.Build.0 = Release|Any CPU
	EndGlobalSection
	GlobalSection(SolutionProperties) = preSolution
		HideSolutionNode = FALSE
	EndGlobalSection
	GlobalSection(ExtensibilityGlobals) = postSolution
		SolutionGuid = {7A4C9331-DA7D-4118-ADCF-AC2E140A3113}
	EndGlobalSection
EndGlobal
